{
  "name": "streameasy",
  "lockfileVersion": 3,
  "requires": true,
  "packages": {
    "": {
      "dependencies": {
        "mdns-js": "^1.0.3"
      }
    },
    "node_modules/debug": {
      "version": "3.1.0",
      "resolved": "https://registry.npmjs.org/debug/-/debug-3.1.0.tgz",
      "integrity": "sha512-OX8XqP7/1a9cqkxYw2yXss15f26NKWBpDXQd0/uK/KPqdQhxbPa994hnzjcE2VqQpDslf55723cKPUOGSmMY3g==",
      "license": "MIT",
      "dependencies": {
        "ms": "2.0.0"
      }
    },
    "node_modules/dns-js": {
      "version": "0.2.1",
      "resolved": "https://registry.npmjs.org/dns-js/-/dns-js-0.2.1.tgz",
      "integrity": "sha512-D5ZrNcaDrDMmb6AKqnLUK+WyT4ST8lRNwfq0BpH26OAupFRtQxMNdSxq04HjXvYPQ6U7e2SPCVHWjM2vfOcRyA==",
      "license": "MIT",
      "dependencies": {
        "debug": "^2.1.0",
        "qap": "^3.1.2"
      },
      "engines": {
        "node": ">= 4.1.0"
      }
    },
    "node_modules/dns-js/node_modules/debug": {
      "version": "2.6.9",
      "resolved": "https://registry.npmjs.org/debug/-/debug-2.6.9.tgz",
      "integrity": "sha512-bC7ElrdJaJnPbAP+1EotYvqZsb3ecl5wi6Bfi6BJTUcNowp6cvspg0jXznRTKDjm/E7AdgFBVeAPVMNcKGsHMA==",
      "license": "MIT",
      "dependencies": {
        "ms": "2.0.0"
      }
    },
    "node_modules/mdns-js": {
      "version": "1.0.3",
      "resolved": "https://registry.npmjs.org/mdns-js/-/mdns-js-1.0.3.tgz",
      "integrity": "sha512-+6NHS48WZ7na7jkE9PB9dRbBGvY0FvAp8nTGp3/u/05WIyq/B37OVfMppIbHyoo9D4yocJGax4Krxfz3nU7EbQ==",
      "license": "Apache-2.0",
      "dependencies": {
        "debug": "~3.1.0",
        "dns-js": "~0.2.1",
        "semver": "~5.4.1"
      },
      "engines": {
        "node": ">= 6.0.0"
      }
    },
    "node_modules/ms": {
      "version": "2.0.0",
      "resolved": "https://registry.npmjs.org/ms/-/ms-2.0.0.tgz",
      "integrity": "sha512-Tpp60P6IUJDTuOq/5Z8cdskzJujfwqfOTkrwIwj7IRISpnkJnT6SyJ4PCPnGMoFjC9ddhal5KVIYtAt97ix05A==",
      "license": "MIT"
    },
    "node_modules/qap": {
      "version": "3.3.1",
      "resolved": "https://registry.npmjs.org/qap/-/qap-3.3.1.tgz",
      "integrity": "sha512-U0MV9LRz4u19xaK4gssnwyc7XWTnFdmDGrgG9hvV6nchKeu3XeITTclugWKT9rLiLK2GvN3utSkKY90+1tEHkw==",
      "license": "MIT",
      "engines": {
        "node": ">=0.4.x"
      }
    },
    "node_modules/semver": {
      "version": "5.4.1",
      "resolved": "https://registry.npmjs.org/semver/-/semver-5.4.1.tgz",
      "integrity": "sha512-WfG/X9+oATh81XtllIo/I8gOiY9EXRdv1cQdyykeXK17YcUW3EXUAi2To4pcH6nZtJPr7ZOpM5OMyWJZm+8Rsg==",
      "license": "ISC",
      "bin": {
        "semver": "bin/semver"
      }
    }
  }
}
